
Microsoft Visual Studio Solution File, Format Version 12.00
# Visual Studio Version 17
VisualStudioVersion = 17.2.32602.215
MinimumVisualStudioVersion = 10.0.40219.1
Project("{FAE04EC0-301F-11D3-BF4B-00C04F79EFBC}") = "Meta Tool", "Meta Tool\Meta Tool.csproj", "{80120AD1-3247-4B30-9564-C9C992B29987}"
EndProject
Global
	GlobalSection(SolutionConfigurationPlatforms) = preSolution
		Debug|Any CPU = Debug|Any CPU
		Release|Any CPU = Release|Any CPU
	EndGlobalSection
	GlobalSection(ProjectConfigurationPlatforms) = postSolution
		{80120AD1-3247-4B30-9564-C9C992B29987}.Debug|Any CPU.ActiveCfg = Debug|Any CPU
		{80120AD1-3247-4B30-9564-C9C992B29987}.Debug|Any CPU.Build.0 = Debug|Any CPU
		{80120AD1-3247-4B30-9564-C9C992B29987}.Release|Any CPU.ActiveCfg = Release|Any CPU
		{80120AD1-3247-4B30-9564-C9C992B29987}.Release|Any CPU.Build.0 = Release|Any CPU
	EndGlobalSection
	GlobalSection(SolutionProperties) = preSolution
		HideSolutionNode = FALSE
	EndGlobalSection
	GlobalSection(ExtensibilityGlobals) = postSolution
		SolutionGuid = {C7ACC9A8-5375-4160-BC39-464C4C40D90E}
	EndGlobalSection
EndGlobal
