
Microsoft Visual Studio Solution File, Format Version 12.00
# Visual Studio Version 17
VisualStudioVersion = 17.2.32602.215
MinimumVisualStudioVersion = 10.0.40219.1
Project("{FAE04EC0-301F-11D3-BF4B-00C04F79EFBC}") = "NameManager", "NameManager\NameManager.csproj", "{D0770E3D-FC9C-4DD9-B187-966FD25CA742}"
EndProject
Global
	GlobalSection(SolutionConfigurationPlatforms) = preSolution
		Debug|Any CPU = Debug|Any CPU
		Release|Any CPU = Release|Any CPU
	EndGlobalSection
	GlobalSection(ProjectConfigurationPlatforms) = postSolution
		{D0770E3D-FC9C-4DD9-B187-966FD25CA742}.Debug|Any CPU.ActiveCfg = Debug|Any CPU
		{D0770E3D-FC9C-4DD9-B187-966FD25CA742}.Debug|Any CPU.Build.0 = Debug|Any CPU
		{D0770E3D-FC9C-4DD9-B187-966FD25CA742}.Release|Any CPU.ActiveCfg = Release|Any CPU
		{D0770E3D-FC9C-4DD9-B187-966FD25CA742}.Release|Any CPU.Build.0 = Release|Any CPU
	EndGlobalSection
	GlobalSection(SolutionProperties) = preSolution
		HideSolutionNode = FALSE
	EndGlobalSection
	GlobalSection(ExtensibilityGlobals) = postSolution
		SolutionGuid = {16715CB8-194D-4158-93D0-7F6CC89EF590}
	EndGlobalSection
EndGlobal
