
Microsoft Visual Studio Solution File, Format Version 12.00
# Visual Studio Version 17
VisualStudioVersion = 17.2.32602.215
MinimumVisualStudioVersion = 10.0.40219.1
Project("{FAE04EC0-301F-11D3-BF4B-00C04F79EFBC}") = "HelloCSharp", "HelloCSharp\HelloCSharp.csproj", "{42996610-D4D8-4958-8524-9ECF1157686E}"
EndProject
Global
	GlobalSection(SolutionConfigurationPlatforms) = preSolution
		Debug|Any CPU = Debug|Any CPU
		Release|Any CPU = Release|Any CPU
	EndGlobalSection
	GlobalSection(ProjectConfigurationPlatforms) = postSolution
		{42996610-D4D8-4958-8524-9ECF1157686E}.Debug|Any CPU.ActiveCfg = Debug|Any CPU
		{42996610-D4D8-4958-8524-9ECF1157686E}.Debug|Any CPU.Build.0 = Debug|Any CPU
		{42996610-D4D8-4958-8524-9ECF1157686E}.Release|Any CPU.ActiveCfg = Release|Any CPU
		{42996610-D4D8-4958-8524-9ECF1157686E}.Release|Any CPU.Build.0 = Release|Any CPU
	EndGlobalSection
	GlobalSection(SolutionProperties) = preSolution
		HideSolutionNode = FALSE
	EndGlobalSection
	GlobalSection(ExtensibilityGlobals) = postSolution
		SolutionGuid = {7A173BF4-CBF1-4BFF-8991-517CDFB9F124}
	EndGlobalSection
EndGlobal
